{"is_source_file": false, "format": null, "description": null, "external_files": [], "external_methods": [], "published": [], "classes": [], "methods": [], "calls": [], "search-terms": [], "state": 2, "file_id": 66, "knowledge_revision": 203, "git_revision": "", "hash": "c25e52e0975e462d1887a16d83cf809a", "format-version": 4, "code-base-name": "default", "filename": "recipehub_frontend/ios/Runner.xcodeproj/project.pbxproj", "revision_history": [{"203": ""}]}